Microsoft Visual Studio Solution File, Format Version 12.00
# Visual Studio 15
VisualStudioVersion = 15.0.27130.2003
MinimumVisualStudioVersion = 10.0.40219.1
Project("{6EC3EE1D-3C4E-46DD-8F32-0CC8E7565705}") = "ApiSurface", "ApiSurface\ApiSurface.fsproj", "{B5AE2466-CE38-59CD-2190-E06CE61EF788}"
EndProject
Project("{6EC3EE1D-3C4E-46DD-8F32-0CC8E7565705}") = "ApiSurface.DocumentationSample", "ApiSurface.DocumentationSample\ApiSurface.DocumentationSample.fsproj", "{5785E6D9-7F51-0052-6E2D-7AE64A3F77D2}"
EndProject
Project("{6EC3EE1D-3C4E-46DD-8F32-0CC8E7565705}") = "ApiSurface.SampleAssembly", "ApiSurface.SampleAssembly\ApiSurface.SampleAssembly.fsproj", "{FE33B3E8-3DB1-845C-A241-A87D18F7529A}"
EndProject
Project("{6EC3EE1D-3C4E-46DD-8F32-0CC8E7565705}") = "ApiSurface.Test", "ApiSurface\Test\ApiSurface.Test.fsproj", "{2A7BE060-01B6-C8F9-6033-BFAAFC84BAF7}"
EndProject
Project("{FAE04EC0-301F-11D3-BF4B-00C04F79EFBC}") = "ApiSurface.CSharpExample", "ApiSurface.CSharpExample\ApiSurface.CSharpExample.csproj", "{CF3C7214-2002-4CAE-AAB9-38AA44D1EEE6}"
EndProject
Global
	GlobalSection(SolutionConfigurationPlatforms) = preSolution
		Debug|Any CPU = Debug|Any CPU
		Release|Any CPU = Release|Any CPU
	EndGlobalSection
	GlobalSection(ProjectConfigurationPlatforms) = postSolution
		{5785E6D9-7F51-0052-6E2D-7AE64A3F77D2}.Debug|Any CPU.ActiveCfg = Debug|Any CPU
		{5785E6D9-7F51-0052-6E2D-7AE64A3F77D2}.Debug|Any CPU.Build.0 = Debug|Any CPU
		{5785E6D9-7F51-0052-6E2D-7AE64A3F77D2}.Release|Any CPU.ActiveCfg = Release|Any CPU
		{5785E6D9-7F51-0052-6E2D-7AE64A3F77D2}.Release|Any CPU.Build.0 = Release|Any CPU
		{FE33B3E8-3DB1-845C-A241-A87D18F7529A}.Debug|Any CPU.ActiveCfg = Debug|Any CPU
		{FE33B3E8-3DB1-845C-A241-A87D18F7529A}.Debug|Any CPU.Build.0 = Debug|Any CPU
		{FE33B3E8-3DB1-845C-A241-A87D18F7529A}.Release|Any CPU.ActiveCfg = Release|Any CPU
		{FE33B3E8-3DB1-845C-A241-A87D18F7529A}.Release|Any CPU.Build.0 = Release|Any CPU
		{B5AE2466-CE38-59CD-2190-E06CE61EF788}.Debug|Any CPU.ActiveCfg = Debug|Any CPU
		{B5AE2466-CE38-59CD-2190-E06CE61EF788}.Debug|Any CPU.Build.0 = Debug|Any CPU
		{B5AE2466-CE38-59CD-2190-E06CE61EF788}.Release|Any CPU.ActiveCfg = Release|Any CPU
		{B5AE2466-CE38-59CD-2190-E06CE61EF788}.Release|Any CPU.Build.0 = Release|Any CPU
		{2A7BE060-01B6-C8F9-6033-BFAAFC84BAF7}.Debug|Any CPU.ActiveCfg = Debug|Any CPU
		{2A7BE060-01B6-C8F9-6033-BFAAFC84BAF7}.Debug|Any CPU.Build.0 = Debug|Any CPU
		{2A7BE060-01B6-C8F9-6033-BFAAFC84BAF7}.Release|Any CPU.ActiveCfg = Release|Any CPU
		{2A7BE060-01B6-C8F9-6033-BFAAFC84BAF7}.Release|Any CPU.Build.0 = Release|Any CPU
		{CF3C7214-2002-4CAE-AAB9-38AA44D1EEE6}.Debug|Any CPU.ActiveCfg = Debug|Any CPU
		{CF3C7214-2002-4CAE-AAB9-38AA44D1EEE6}.Debug|Any CPU.Build.0 = Debug|Any CPU
		{CF3C7214-2002-4CAE-AAB9-38AA44D1EEE6}.Release|Any CPU.ActiveCfg = Release|Any CPU
		{CF3C7214-2002-4CAE-AAB9-38AA44D1EEE6}.Release|Any CPU.Build.0 = Release|Any CPU
	EndGlobalSection
	GlobalSection(SolutionProperties) = preSolution
		HideSolutionNode = FALSE
	EndGlobalSection
EndGlobal
